
Microsoft Visual Studio Solution File, Format Version 12.00
# Visual Studio Version 17
VisualStudioVersion = 17.4.33110.190
MinimumVisualStudioVersion = 10.0.40219.1
Project("{FAE04EC0-301F-11D3-BF4B-00C04F79EFBC}") = "employeeWebApp", "employeeWebApp\employeeWebApp.csproj", "{CE0D836B-018C-40F1-85B7-6F0AC5760ADF}"
EndProject
Global
	GlobalSection(SolutionConfigurationPlatforms) = preSolution
		Debug|Any CPU = Debug|Any CPU
		Release|Any CPU = Release|Any CPU
	EndGlobalSection
	GlobalSection(ProjectConfigurationPlatforms) = postSolution
		{CE0D836B-018C-40F1-85B7-6F0AC5760ADF}.Debug|Any CPU.ActiveCfg = Debug|Any CPU
		{CE0D836B-018C-40F1-85B7-6F0AC5760ADF}.Debug|Any CPU.Build.0 = Debug|Any CPU
		{CE0D836B-018C-40F1-85B7-6F0AC5760ADF}.Release|Any CPU.ActiveCfg = Release|Any CPU
		{CE0D836B-018C-40F1-85B7-6F0AC5760ADF}.Release|Any CPU.Build.0 = Release|Any CPU
	EndGlobalSection
	GlobalSection(SolutionProperties) = preSolution
		HideSolutionNode = FALSE
	EndGlobalSection
	GlobalSection(ExtensibilityGlobals) = postSolution
		SolutionGuid = {15ABF551-FC69-4795-B9AF-FF1C67A7FB74}
	EndGlobalSection
EndGlobal
